
Microsoft Visual Studio Solution File, Format Version 12.00
# Visual Studio Version 17
VisualStudioVersion = 17.9.34622.214
MinimumVisualStudioVersion = 10.0.40219.1
Project("{FAE04EC0-301F-11D3-BF4B-00C04F79EFBC}") = "Presentacion", "Presentacion\Presentacion.csproj", "{CE8A8335-DD26-4390-8AD9-7902A76E2C7D}"
EndProject
Project("{FAE04EC0-301F-11D3-BF4B-00C04F79EFBC}") = "logicNegocio", "logicNegocio\logicNegocio.csproj", "{4A670EF1-559C-42AF-A883-06DFDD24A8AB}"
EndProject
Project("{FAE04EC0-301F-11D3-BF4B-00C04F79EFBC}") = "dataAceso", "dataAceso\dataAceso.csproj", "{6A5102C9-F786-4C3A-A714-6EAEC2EF42A1}"
EndProject
Global
	GlobalSection(SolutionConfigurationPlatforms) = preSolution
		Debug|Any CPU = Debug|Any CPU
		Release|Any CPU = Release|Any CPU
	EndGlobalSection
	GlobalSection(ProjectConfigurationPlatforms) = postSolution
		{CE8A8335-DD26-4390-8AD9-7902A76E2C7D}.Debug|Any CPU.ActiveCfg = Debug|Any CPU
		{CE8A8335-DD26-4390-8AD9-7902A76E2C7D}.Debug|Any CPU.Build.0 = Debug|Any CPU
		{CE8A8335-DD26-4390-8AD9-7902A76E2C7D}.Release|Any CPU.ActiveCfg = Release|Any CPU
		{CE8A8335-DD26-4390-8AD9-7902A76E2C7D}.Release|Any CPU.Build.0 = Release|Any CPU
		{4A670EF1-559C-42AF-A883-06DFDD24A8AB}.Debug|Any CPU.ActiveCfg = Debug|Any CPU
		{4A670EF1-559C-42AF-A883-06DFDD24A8AB}.Debug|Any CPU.Build.0 = Debug|Any CPU
		{4A670EF1-559C-42AF-A883-06DFDD24A8AB}.Release|Any CPU.ActiveCfg = Release|Any CPU
		{4A670EF1-559C-42AF-A883-06DFDD24A8AB}.Release|Any CPU.Build.0 = Release|Any CPU
		{6A5102C9-F786-4C3A-A714-6EAEC2EF42A1}.Debug|Any CPU.ActiveCfg = Debug|Any CPU
		{6A5102C9-F786-4C3A-A714-6EAEC2EF42A1}.Debug|Any CPU.Build.0 = Debug|Any CPU
		{6A5102C9-F786-4C3A-A714-6EAEC2EF42A1}.Release|Any CPU.ActiveCfg = Release|Any CPU
		{6A5102C9-F786-4C3A-A714-6EAEC2EF42A1}.Release|Any CPU.Build.0 = Release|Any CPU
	EndGlobalSection
	GlobalSection(SolutionProperties) = preSolution
		HideSolutionNode = FALSE
	EndGlobalSection
	GlobalSection(ExtensibilityGlobals) = postSolution
		SolutionGuid = {4FD4C036-FA1F-46A4-B938-CA97460ECD15}
	EndGlobalSection
EndGlobal
